
Microsoft Visual Studio Solution File, Format Version 12.00
# Visual Studio Version 17
VisualStudioVersion = 17.7.34009.444
MinimumVisualStudioVersion = 10.0.40219.1
Project("{FAE04EC0-301F-11D3-BF4B-00C04F79EFBC}") = "Iter3", "Iter3\Iter3.csproj", "{B7C9E5EE-1B58-4C84-A952-F636ACC91B95}"
EndProject
Global
	GlobalSection(SolutionConfigurationPlatforms) = preSolution
		Debug|Any CPU = Debug|Any CPU
		Release|Any CPU = Release|Any CPU
	EndGlobalSection
	GlobalSection(ProjectConfigurationPlatforms) = postSolution
		{B7C9E5EE-1B58-4C84-A952-F636ACC91B95}.Debug|Any CPU.ActiveCfg = Debug|Any CPU
		{B7C9E5EE-1B58-4C84-A952-F636ACC91B95}.Debug|Any CPU.Build.0 = Debug|Any CPU
		{B7C9E5EE-1B58-4C84-A952-F636ACC91B95}.Release|Any CPU.ActiveCfg = Release|Any CPU
		{B7C9E5EE-1B58-4C84-A952-F636ACC91B95}.Release|Any CPU.Build.0 = Release|Any CPU
	EndGlobalSection
	GlobalSection(SolutionProperties) = preSolution
		HideSolutionNode = FALSE
	EndGlobalSection
	GlobalSection(ExtensibilityGlobals) = postSolution
		SolutionGuid = {B0A598E4-38CB-4E26-9147-C5B21A2EF2A4}
	EndGlobalSection
EndGlobal
